
Microsoft Visual Studio Solution File, Format Version 12.00
Project("{FAE04EC0-301F-11D3-BF4B-00C04F79EFBC}") = "LuccaDevises", "LuccaDevises.csproj", "{4FE5839D-2867-47D4-A677-C2085C38C371}"
EndProject
Project("{FAE04EC0-301F-11D3-BF4B-00C04F79EFBC}") = "Tests", "Tests\Tests.csproj", "{E15453ED-70FD-4130-8EAC-CB1D91C529CB}"
EndProject
Global
	GlobalSection(SolutionConfigurationPlatforms) = preSolution
		Debug|Any CPU = Debug|Any CPU
		Release|Any CPU = Release|Any CPU
	EndGlobalSection
	GlobalSection(ProjectConfigurationPlatforms) = postSolution
		{4FE5839D-2867-47D4-A677-C2085C38C371}.Debug|Any CPU.ActiveCfg = Debug|Any CPU
		{4FE5839D-2867-47D4-A677-C2085C38C371}.Debug|Any CPU.Build.0 = Debug|Any CPU
		{4FE5839D-2867-47D4-A677-C2085C38C371}.Release|Any CPU.ActiveCfg = Release|Any CPU
		{4FE5839D-2867-47D4-A677-C2085C38C371}.Release|Any CPU.Build.0 = Release|Any CPU
		{E15453ED-70FD-4130-8EAC-CB1D91C529CB}.Debug|Any CPU.ActiveCfg = Debug|Any CPU
		{E15453ED-70FD-4130-8EAC-CB1D91C529CB}.Debug|Any CPU.Build.0 = Debug|Any CPU
		{E15453ED-70FD-4130-8EAC-CB1D91C529CB}.Release|Any CPU.ActiveCfg = Release|Any CPU
		{E15453ED-70FD-4130-8EAC-CB1D91C529CB}.Release|Any CPU.Build.0 = Release|Any CPU
	EndGlobalSection
EndGlobal
